sections:
  main:
    display: Main
    fields:
      image__section:
        type: section
        display: Image
      photo_with_content_block__image:
        container: main
        folder: /
        restrict: false
        type: assets
        display: Image
        width: 50
      photo_with_content_block__button:
        keys:
          url: URL
          text: Text
        type: array
        display: Button
        width: 50
      content__section:
        type: section
        display: Content
      photo_with_content_block__heading:
        type: text
        display: Heading
        width: 50
      photo_with_content_block__subheading:
        type: text
        display: Subheading
        width: 50
      photo_with_content_block__copy:
        type: textarea
        display: Copy
        width: 66
      photo_with_content_block__quote:
        type: textarea
        display: Quote
        width: 66
      photo_with_content_block__quoted:
        type: text
        display: Quoted
        width: 33
taxonomies: true
title: 'Home: Partial: Photo with Content Block'
