sections:
  main:
    display: Main
    fields:
      photo_with_content_block__image:
        container: main
        folder: /
        restrict: false
        max_files: 1
        type: assets
        display: Image
      photo_with_content_block__heading:
        type: text
        width: 33
        display: Heading
      photo_with_content_block__subheading:
        type: text
        width: 66
        display: Subheading
      photo_with_content_block__copy:
        type: textarea
        width: 50
        display: Copy
      photo_with_content_block__link:
        keys:
          url: URL
          text: Text
        type: array
        width: 50
        display: Button
taxonomies: true
title: 'Product: Partial: Design Partnership - Photo with Content Block'
