sections:
  main:
    display: Main
    fields:
      photo_with_content_block__image:
        container: main
        folder: /
        restrict: false
        type: assets
        display: Image
        width: 50
        instructions: |
          **Image Dimensions:** 4x5
          <br>
          **Recommended Image Size:** 640px by 800px
        max_files: 1
      photo_with_content_block__button:
        keys:
          url: URL
          text: Text
        type: array
        display: Button
        width: 50
      photo_with_content_block__heading:
        type: text
        display: Heading
        width: 66
      photo_with_content_block__list:
        sets:
          photo_with_content_block__list--item:
            display: Pillar
            fields:
              photo_with_content_block__list--item--heading:
                type: text
                width: 50
                display: Heading
              photo_with_content_block__list--item--copy:
                type: textarea
                width: 50
                display: Copy
        type: replicator
        display: Pillars
taxonomies: true
title: 'Product: Partial: Photo with Content Block'
