sections:
  main:
    display: Main
    fields:
      image_grid_with_color_block__first_image:
        container: main
        folder: /
        restrict: false
        max_files: 1
        type: assets
        width: 33
        display: 'First Image'
        instructions: |
          **Dimensions:** 3x2
          <br>
          **Recommended size:** 750px by 500px
      image_grid_with_color_block__second_image:
        container: main
        folder: /
        restrict: false
        max_files: 1
        type: assets
        width: 33
        display: 'Second Image'
        instructions: |
          **Dimensions:** 1x1
          <br>
          **Recommended size:** 500px by 500px
      image_grid_with_color_block__third_image:
        container: main
        folder: /
        restrict: false
        max_files: 1
        type: assets
        width: 33
        display: 'Third Image'
        instructions: |
          **Dimensions:** 3x4
          <br>
          **Recommended size:** 600px by 800px
      image_grid_with_color_block__heading:
        type: text
        width: 50
        display: Heading
      image_grid_with_color_block__subheading:
        type: text
        width: 50
        display: Subheading
      image_grid_with_color_block__list:
        sets:
          image_grid_with_color_block__list--item:
            display: Upgrade
            fields:
              image_grid_with_color_block__list--item__heading:
                type: text
                display: Heading
              image_grid_with_color_block__list--item__list:
                type: list
                display: List
        type: replicator
        display: 'Upgrades & Options'
taxonomies: true
title: 'Product: Partial: Image Grid with Color Block'
