sections:
  main:
    display: Main
    fields:
      image_grid_with_color_block__first_image:
        container: main
        folder: /
        restrict: false
        max_files: 1
        type: assets
        width: 33
        display: 'First Image'
        instructions: |
          **Image Dimensions:** 3x2
          <br>
          **Recommended Image Size:** 750px by 500px
      image_grid_with_color_block__second_image:
        container: main
        folder: /
        restrict: false
        max_files: 1
        type: assets
        width: 33
        display: 'Second Image'
        instructions: |
          **Image Dimensions:** 1x1
          <br>
          **Recommended Image Size:** 500px by 500px
      image_grid_with_color_block__third_image:
        container: main
        folder: /
        restrict: false
        max_files: 1
        type: assets
        width: 33
        display: 'Third Image'
        instructions: |
          **Image Dimensions:** 3x4
          <br>
          **Recommended Image Size:** 600px by 800px
      image_grid_with_color_block__heading:
        type: text
        width: 50
        display: Heading
      image_grid_with_color_block__subheading:
        type: text
        width: 50
        display: Subheading
      image_grid_with_color_block__list:
        sets:
          image_grid_with_color_block__list--item:
            display: Benefit
            fields:
              image_grid_with_color_block__list--item__icon:
                options:
                  2_week_install: '2 Week Install'
                  a_better_foundation: 'A Better Foundation'
                  deep_backyard: 'Deep Backyard'
                  electrical_panel_upgrade: 'Electrical Panel Upgrade'
                  landscape_removal_or_repair: 'Landscape Removal or Repair'
                  live_closer_to_work: 'Live Closer to Work'
                  naturally-affordable_housing: 'Naturally-Affordable Housing'
                  painless_purchase: 'Painless Purchase'
                  sloped_lot: 'Sloped Lot'
                  the_perfect_rental: 'The Perfect Rental'
                type: select
                width: 50
                display: Icon
              image_grid_with_color_block__list--item__heading:
                type: text
                display: Heading
                width: 50
              image_grid_with_color_block__list--item__copy:
                type: textarea
                width: 50
                display: Copy
              image_grid_with_color_block__list--item__note:
                type: text
                width: 50
                display: Note
        type: replicator
        display: Benefits
taxonomies: true
title: 'Why Backyard Living: Partial: Image Grid with Color Block'
